
Microsoft Visual Studio Solution File, Format Version 12.00
# Visual Studio Version 16
VisualStudioVersion = 16.0.31019.35
MinimumVisualStudioVersion = 10.0.40219.1
Project("{FAE04EC0-301F-11D3-BF4B-00C04F79EFBC}") = "CrudApp", "CrudApp.csproj", "{08FEB689-358A-4662-B28A-AB65C38F9F89}"
EndProject
Global
	GlobalSection(SolutionConfigurationPlatforms) = preSolution
		Debug|Any CPU = Debug|Any CPU
		Release|Any CPU = Release|Any CPU
	EndGlobalSection
	GlobalSection(ProjectConfigurationPlatforms) = postSolution
		{08FEB689-358A-4662-B28A-AB65C38F9F89}.Debug|Any CPU.ActiveCfg = Debug|Any CPU
		{08FEB689-358A-4662-B28A-AB65C38F9F89}.Debug|Any CPU.Build.0 = Debug|Any CPU
		{08FEB689-358A-4662-B28A-AB65C38F9F89}.Release|Any CPU.ActiveCfg = Release|Any CPU
		{08FEB689-358A-4662-B28A-AB65C38F9F89}.Release|Any CPU.Build.0 = Release|Any CPU
	EndGlobalSection
	GlobalSection(SolutionProperties) = preSolution
		HideSolutionNode = FALSE
	EndGlobalSection
	GlobalSection(ExtensibilityGlobals) = postSolution
		SolutionGuid = {62456C28-6E4E-4C0B-A33A-BE00A0C9DC04}
	EndGlobalSection
EndGlobal
